
Microsoft Visual Studio Solution File, Format Version 12.00
# Visual Studio Version 16
VisualStudioVersion = 16.0.32413.119
MinimumVisualStudioVersion = 10.0.40219.1
Project("{FAE04EC0-301F-11D3-BF4B-00C04F79EFBC}") = "BirthdayCalendar.Android", "BirthdayCalendar.Android\BirthdayCalendar.Android.csproj", "{F597A475-BFF2-4D8A-97E3-9549BF3C7C3A}"
EndProject
Project("{FAE04EC0-301F-11D3-BF4B-00C04F79EFBC}") = "BirthdayCalendar.iOS", "BirthdayCalendar.iOS\BirthdayCalendar.iOS.csproj", "{D90C48DC-D690-4A5E-B7E0-B06F3B6AF43B}"
EndProject
Project("{FAE04EC0-301F-11D3-BF4B-00C04F79EFBC}") = "BirthdayCalendar", "BirthdayCalendar\BirthdayCalendar.csproj", "{F985DC7E-79E9-4745-A2E5-6AFFA0115BC5}"
EndProject
Global
	GlobalSection(SolutionConfigurationPlatforms) = preSolution
		Debug|Any CPU = Debug|Any CPU
		Debug|iPhone = Debug|iPhone
		Debug|iPhoneSimulator = Debug|iPhoneSimulator
		Release|Any CPU = Release|Any CPU
		Release|iPhone = Release|iPhone
		Release|iPhoneSimulator = Release|iPhoneSimulator
	EndGlobalSection
	GlobalSection(ProjectConfigurationPlatforms) = postSolution
		{F597A475-BFF2-4D8A-97E3-9549BF3C7C3A}.Debug|Any CPU.ActiveCfg = Debug|Any CPU
		{F597A475-BFF2-4D8A-97E3-9549BF3C7C3A}.Debug|Any CPU.Build.0 = Debug|Any CPU
		{F597A475-BFF2-4D8A-97E3-9549BF3C7C3A}.Debug|Any CPU.Deploy.0 = Debug|Any CPU
		{F597A475-BFF2-4D8A-97E3-9549BF3C7C3A}.Debug|iPhone.ActiveCfg = Debug|Any CPU
		{F597A475-BFF2-4D8A-97E3-9549BF3C7C3A}.Debug|iPhone.Build.0 = Debug|Any CPU
		{F597A475-BFF2-4D8A-97E3-9549BF3C7C3A}.Debug|iPhone.Deploy.0 = Debug|Any CPU
		{F597A475-BFF2-4D8A-97E3-9549BF3C7C3A}.Debug|iPhoneSimulator.ActiveCfg = Debug|Any CPU
		{F597A475-BFF2-4D8A-97E3-9549BF3C7C3A}.Debug|iPhoneSimulator.Build.0 = Debug|Any CPU
		{F597A475-BFF2-4D8A-97E3-9549BF3C7C3A}.Debug|iPhoneSimulator.Deploy.0 = Debug|Any CPU
		{F597A475-BFF2-4D8A-97E3-9549BF3C7C3A}.Release|Any CPU.ActiveCfg = Release|Any CPU
		{F597A475-BFF2-4D8A-97E3-9549BF3C7C3A}.Release|Any CPU.Build.0 = Release|Any CPU
		{F597A475-BFF2-4D8A-97E3-9549BF3C7C3A}.Release|Any CPU.Deploy.0 = Release|Any CPU
		{F597A475-BFF2-4D8A-97E3-9549BF3C7C3A}.Release|iPhone.ActiveCfg = Release|Any CPU
		{F597A475-BFF2-4D8A-97E3-9549BF3C7C3A}.Release|iPhone.Build.0 = Release|Any CPU
		{F597A475-BFF2-4D8A-97E3-9549BF3C7C3A}.Release|iPhone.Deploy.0 = Release|Any CPU
		{F597A475-BFF2-4D8A-97E3-9549BF3C7C3A}.Release|iPhoneSimulator.ActiveCfg = Release|Any CPU
		{F597A475-BFF2-4D8A-97E3-9549BF3C7C3A}.Release|iPhoneSimulator.Build.0 = Release|Any CPU
		{F597A475-BFF2-4D8A-97E3-9549BF3C7C3A}.Release|iPhoneSimulator.Deploy.0 = Release|Any CPU
		{D90C48DC-D690-4A5E-B7E0-B06F3B6AF43B}.Debug|Any CPU.ActiveCfg = Debug|iPhone
		{D90C48DC-D690-4A5E-B7E0-B06F3B6AF43B}.Debug|Any CPU.Build.0 = Debug|iPhone
		{D90C48DC-D690-4A5E-B7E0-B06F3B6AF43B}.Debug|Any CPU.Deploy.0 = Debug|iPhone
		{D90C48DC-D690-4A5E-B7E0-B06F3B6AF43B}.Debug|iPhone.ActiveCfg = Debug|iPhone
		{D90C48DC-D690-4A5E-B7E0-B06F3B6AF43B}.Debug|iPhone.Build.0 = Debug|iPhone
		{D90C48DC-D690-4A5E-B7E0-B06F3B6AF43B}.Debug|iPhone.Deploy.0 = Debug|iPhone
		{D90C48DC-D690-4A5E-B7E0-B06F3B6AF43B}.Debug|iPhoneSimulator.ActiveCfg = Debug|iPhoneSimulator
		{D90C48DC-D690-4A5E-B7E0-B06F3B6AF43B}.Debug|iPhoneSimulator.Build.0 = Debug|iPhoneSimulator
		{D90C48DC-D690-4A5E-B7E0-B06F3B6AF43B}.Debug|iPhoneSimulator.Deploy.0 = Debug|iPhoneSimulator
		{D90C48DC-D690-4A5E-B7E0-B06F3B6AF43B}.Release|Any CPU.ActiveCfg = Release|iPhoneSimulator
		{D90C48DC-D690-4A5E-B7E0-B06F3B6AF43B}.Release|Any CPU.Build.0 = Release|iPhoneSimulator
		{D90C48DC-D690-4A5E-B7E0-B06F3B6AF43B}.Release|Any CPU.Deploy.0 = Release|iPhoneSimulator
		{D90C48DC-D690-4A5E-B7E0-B06F3B6AF43B}.Release|iPhone.ActiveCfg = Release|iPhone
		{D90C48DC-D690-4A5E-B7E0-B06F3B6AF43B}.Release|iPhone.Build.0 = Release|iPhone
		{D90C48DC-D690-4A5E-B7E0-B06F3B6AF43B}.Release|iPhone.Deploy.0 = Release|iPhone
		{D90C48DC-D690-4A5E-B7E0-B06F3B6AF43B}.Release|iPhoneSimulator.ActiveCfg = Release|iPhoneSimulator
		{D90C48DC-D690-4A5E-B7E0-B06F3B6AF43B}.Release|iPhoneSimulator.Build.0 = Release|iPhoneSimulator
		{D90C48DC-D690-4A5E-B7E0-B06F3B6AF43B}.Release|iPhoneSimulator.Deploy.0 = Release|iPhoneSimulator
		{F985DC7E-79E9-4745-A2E5-6AFFA0115BC5}.Debug|Any CPU.ActiveCfg = Debug|Any CPU
		{F985DC7E-79E9-4745-A2E5-6AFFA0115BC5}.Debug|Any CPU.Build.0 = Debug|Any CPU
		{F985DC7E-79E9-4745-A2E5-6AFFA0115BC5}.Debug|Any CPU.Deploy.0 = Debug|Any CPU
		{F985DC7E-79E9-4745-A2E5-6AFFA0115BC5}.Debug|iPhone.ActiveCfg = Debug|Any CPU
		{F985DC7E-79E9-4745-A2E5-6AFFA0115BC5}.Debug|iPhone.Build.0 = Debug|Any CPU
		{F985DC7E-79E9-4745-A2E5-6AFFA0115BC5}.Debug|iPhone.Deploy.0 = Debug|Any CPU
		{F985DC7E-79E9-4745-A2E5-6AFFA0115BC5}.Debug|iPhoneSimulator.ActiveCfg = Debug|Any CPU
		{F985DC7E-79E9-4745-A2E5-6AFFA0115BC5}.Debug|iPhoneSimulator.Build.0 = Debug|Any CPU
		{F985DC7E-79E9-4745-A2E5-6AFFA0115BC5}.Debug|iPhoneSimulator.Deploy.0 = Debug|Any CPU
		{F985DC7E-79E9-4745-A2E5-6AFFA0115BC5}.Release|Any CPU.ActiveCfg = Release|Any CPU
		{F985DC7E-79E9-4745-A2E5-6AFFA0115BC5}.Release|Any CPU.Build.0 = Release|Any CPU
		{F985DC7E-79E9-4745-A2E5-6AFFA0115BC5}.Release|Any CPU.Deploy.0 = Release|Any CPU
		{F985DC7E-79E9-4745-A2E5-6AFFA0115BC5}.Release|iPhone.ActiveCfg = Release|Any CPU
		{F985DC7E-79E9-4745-A2E5-6AFFA0115BC5}.Release|iPhone.Build.0 = Release|Any CPU
		{F985DC7E-79E9-4745-A2E5-6AFFA0115BC5}.Release|iPhone.Deploy.0 = Release|Any CPU
		{F985DC7E-79E9-4745-A2E5-6AFFA0115BC5}.Release|iPhoneSimulator.ActiveCfg = Release|Any CPU
		{F985DC7E-79E9-4745-A2E5-6AFFA0115BC5}.Release|iPhoneSimulator.Build.0 = Release|Any CPU
		{F985DC7E-79E9-4745-A2E5-6AFFA0115BC5}.Release|iPhoneSimulator.Deploy.0 = Release|Any CPU
	EndGlobalSection
	GlobalSection(SolutionProperties) = preSolution
		HideSolutionNode = FALSE
	EndGlobalSection
	GlobalSection(ExtensibilityGlobals) = postSolution
		SolutionGuid = {438CA02D-940C-4E29-B529-BA877A2F6658}
	EndGlobalSection
EndGlobal
